
Microsoft Visual Studio Solution File, Format Version 12.00
# Visual Studio Version 17
VisualStudioVersion = 17.9.34714.143
MinimumVisualStudioVersion = 10.0.40219.1
Project("{FAE04EC0-301F-11D3-BF4B-00C04F79EFBC}") = "TopUp Beneficiary Test", "TopUp Beneficiary Test\TopUp Beneficiary Test.csproj", "{8B531F06-F413-4048-9244-AEF051FF3F41}"
EndProject
Global
	GlobalSection(SolutionConfigurationPlatforms) = preSolution
		Debug|Any CPU = Debug|Any CPU
		Release|Any CPU = Release|Any CPU
	EndGlobalSection
	GlobalSection(ProjectConfigurationPlatforms) = postSolution
		{8B531F06-F413-4048-9244-AEF051FF3F41}.Debug|Any CPU.ActiveCfg = Debug|Any CPU
		{8B531F06-F413-4048-9244-AEF051FF3F41}.Debug|Any CPU.Build.0 = Debug|Any CPU
		{8B531F06-F413-4048-9244-AEF051FF3F41}.Release|Any CPU.ActiveCfg = Release|Any CPU
		{8B531F06-F413-4048-9244-AEF051FF3F41}.Release|Any CPU.Build.0 = Release|Any CPU
	EndGlobalSection
	GlobalSection(SolutionProperties) = preSolution
		HideSolutionNode = FALSE
	EndGlobalSection
	GlobalSection(ExtensibilityGlobals) = postSolution
		SolutionGuid = {54AA10A1-423D-4564-8E65-EA4D260FBCDB}
	EndGlobalSection
EndGlobal
